
Microsoft Visual Studio Solution File, Format Version 12.00
# Visual Studio 15
VisualStudioVersion = 15.0.27130.2003
MinimumVisualStudioVersion = 10.0.40219.1
Project("{FAE04EC0-301F-11D3-BF4B-00C04F79EFBC}") = "ContinuousLinq", "ContinuousLinq\ContinuousLinq.csproj", "{EFC0FA51-6547-4B90-A84E-905035227972}"
EndProject
Project("{FAE04EC0-301F-11D3-BF4B-00C04F79EFBC}") = "ContinuousLinq.UnitTests", "ContinuousLinq.UnitTests\ContinuousLinq.UnitTests.csproj", "{307974AE-A537-4331-9047-188C8F3083FE}"
EndProject
Project("{FAE04EC0-301F-11D3-BF4B-00C04F79EFBC}") = "PerformanceConsole", "PerformanceConsole\PerformanceConsole.csproj", "{EAA030BB-03AA-4D03-97E9-5B0E85CE796F}"
EndProject
Project("{FAE04EC0-301F-11D3-BF4B-00C04F79EFBC}") = "OrderBookDemo", "OrderBookDemo\OrderBookDemo.csproj", "{DAE06799-0A84-4B01-8661-FC5B4AB909A6}"
EndProject
Project("{FAE04EC0-301F-11D3-BF4B-00C04F79EFBC}") = "SilverlightTest.Web", "SilverlightTest.Web\SilverlightTest.Web.csproj", "{75DE17F8-0AB3-4AA2-8283-A97E46769F1F}"
EndProject
Global
	GlobalSection(SolutionConfigurationPlatforms) = preSolution
		Debug|Any CPU = Debug|Any CPU
		Release|Any CPU = Release|Any CPU
	EndGlobalSection
	GlobalSection(ProjectConfigurationPlatforms) = postSolution
		{EFC0FA51-6547-4B90-A84E-905035227972}.Debug|Any CPU.ActiveCfg = Debug|Any CPU
		{EFC0FA51-6547-4B90-A84E-905035227972}.Debug|Any CPU.Build.0 = Debug|Any CPU
		{EFC0FA51-6547-4B90-A84E-905035227972}.Release|Any CPU.ActiveCfg = Release|Any CPU
		{EFC0FA51-6547-4B90-A84E-905035227972}.Release|Any CPU.Build.0 = Release|Any CPU
		{307974AE-A537-4331-9047-188C8F3083FE}.Debug|Any CPU.ActiveCfg = Debug|Any CPU
		{307974AE-A537-4331-9047-188C8F3083FE}.Debug|Any CPU.Build.0 = Debug|Any CPU
		{307974AE-A537-4331-9047-188C8F3083FE}.Release|Any CPU.ActiveCfg = Release|Any CPU
		{307974AE-A537-4331-9047-188C8F3083FE}.Release|Any CPU.Build.0 = Release|Any CPU
		{EAA030BB-03AA-4D03-97E9-5B0E85CE796F}.Debug|Any CPU.ActiveCfg = Debug|Any CPU
		{EAA030BB-03AA-4D03-97E9-5B0E85CE796F}.Debug|Any CPU.Build.0 = Debug|Any CPU
		{EAA030BB-03AA-4D03-97E9-5B0E85CE796F}.Release|Any CPU.ActiveCfg = Release|Any CPU
		{EAA030BB-03AA-4D03-97E9-5B0E85CE796F}.Release|Any CPU.Build.0 = Release|Any CPU
		{DAE06799-0A84-4B01-8661-FC5B4AB909A6}.Debug|Any CPU.ActiveCfg = Debug|Any CPU
		{DAE06799-0A84-4B01-8661-FC5B4AB909A6}.Debug|Any CPU.Build.0 = Debug|Any CPU
		{DAE06799-0A84-4B01-8661-FC5B4AB909A6}.Release|Any CPU.ActiveCfg = Release|Any CPU
		{DAE06799-0A84-4B01-8661-FC5B4AB909A6}.Release|Any CPU.Build.0 = Release|Any CPU
		{75DE17F8-0AB3-4AA2-8283-A97E46769F1F}.Debug|Any CPU.ActiveCfg = Debug|Any CPU
		{75DE17F8-0AB3-4AA2-8283-A97E46769F1F}.Debug|Any CPU.Build.0 = Debug|Any CPU
		{75DE17F8-0AB3-4AA2-8283-A97E46769F1F}.Release|Any CPU.ActiveCfg = Release|Any CPU
		{75DE17F8-0AB3-4AA2-8283-A97E46769F1F}.Release|Any CPU.Build.0 = Release|Any CPU
	EndGlobalSection
	GlobalSection(SolutionProperties) = preSolution
		HideSolutionNode = FALSE
	EndGlobalSection
	GlobalSection(ExtensibilityGlobals) = postSolution
		SolutionGuid = {7E57A573-CA24-4355-8CC1-67723E9DAABB}
	EndGlobalSection
EndGlobal
